// !$*UTF8*$!
{
	archiveVersion = 1;
	classes = {
	};
	objectVersion = 56;
	objects = {

/* Begin PBXBuildFile section */
		CB18BEE92A7A202C00BCB11E /* CobyDrawApp.swift in Sources */ = {isa = PBXBuildFile; fileRef = CB18BEE82A7A202C00BCB11E /* CobyDrawApp.swift */; };
		CB18BEEB2A7A202C00BCB11E /* ContentView.swift in Sources */ = {isa = PBXBuildFile; fileRef = CB18BEEA2A7A202C00BCB11E /* ContentView.swift */; };
		CB18BEED2A7A202D00BCB11E /* Assets.xcassets in Resources */ = {isa = PBXBuildFile; fileRef = CB18BEEC2A7A202D00BCB11E /* Assets.xcassets */; };
		CB18BEF02A7A202D00BCB11E /* Preview Assets.xcassets in Resources */ = {isa = PBXBuildFile; fileRef = CB18BEEF2A7A202D00BCB11E /* Preview Assets.xcassets */; };
		CB18BEF72A7A32F300BCB11E /* MenuView.swift in Sources */ = {isa = PBXBuildFile; fileRef = CB18BEF62A7A32F300BCB11E /* MenuView.swift */; };
		CB18BEF92A7A330D00BCB11E /* MatchManager.swift in Sources */ = {isa = PBXBuildFile; fileRef = CB18BEF82A7A330D00BCB11E /* MatchManager.swift */; };
		CB18BEFB2A7A331400BCB11E /* Misc.swift in Sources */ = {isa = PBXBuildFile; fileRef = CB18BEFA2A7A331400BCB11E /* Misc.swift */; };
		CB18BEFD2A7A370800BCB11E /* GameOverView.swift in Sources */ = {isa = PBXBuildFile; fileRef = CB18BEFC2A7A370800BCB11E /* GameOverView.swift */; };
		CB18BEFF2A7A3E0400BCB11E /* GameView.swift in Sources */ = {isa = PBXBuildFile; fileRef = CB18BEFE2A7A3E0400BCB11E /* GameView.swift */; };
		CB18BF012A7A401D00BCB11E /* DrawingView.swift in Sources */ = {isa = PBXBuildFile; fileRef = CB18BF002A7A401D00BCB11E /* DrawingView.swift */; };
		CBF12A7D2A7BF80B00BF8DFC /* MatchManager+GKMatchmakerViewControllerDelegate.swift in Sources */ = {isa = PBXBuildFile; fileRef = CBF12A7C2A7BF80B00BF8DFC /* MatchManager+GKMatchmakerViewControllerDelegate.swift */; };
		CBF12A7F2A7BFACF00BF8DFC /* MatchManager+GKMatchDelegate.swift in Sources */ = {isa = PBXBuildFile; fileRef = CBF12A7E2A7BFACF00BF8DFC /* MatchManager+GKMatchDelegate.swift */; };
/* End PBXBuildFile section */

/* Begin PBXFileReference section */
		CB18BEE52A7A202C00BCB11E /* CobyDraw.app */ = {isa = PBXFileReference; explicitFileType = wrapper.application; includeInIndex = 0; path = CobyDraw.app; sourceTree = BUILT_PRODUCTS_DIR; };
		CB18BEE82A7A202C00BCB11E /* CobyDrawApp.swift */ = {isa = PBXFileReference; lastKnownFileType = sourcecode.swift; path = CobyDrawApp.swift; sourceTree = "<group>"; };
		CB18BEEA2A7A202C00BCB11E /* ContentView.swift */ = {isa = PBXFileReference; lastKnownFileType = sourcecode.swift; path = ContentView.swift; sourceTree = "<group>"; };
		CB18BEEC2A7A202D00BCB11E /* Assets.xcassets */ = {isa = PBXFileReference; lastKnownFileType = folder.assetcatalog; path = Assets.xcassets; sourceTree = "<group>"; };
		CB18BEEF2A7A202D00BCB11E /* Preview Assets.xcassets */ = {isa = PBXFileReference; lastKnownFileType = folder.assetcatalog; path = "Preview Assets.xcassets"; sourceTree = "<group>"; };
		CB18BEF62A7A32F300BCB11E /* MenuView.swift */ = {isa = PBXFileReference; lastKnownFileType = sourcecode.swift; path = MenuView.swift; sourceTree = "<group>"; };
		CB18BEF82A7A330D00BCB11E /* MatchManager.swift */ = {isa = PBXFileReference; lastKnownFileType = sourcecode.swift; path = MatchManager.swift; sourceTree = "<group>"; };
		CB18BEFA2A7A331400BCB11E /* Misc.swift */ = {isa = PBXFileReference; lastKnownFileType = sourcecode.swift; path = Misc.swift; sourceTree = "<group>"; };
		CB18BEFC2A7A370800BCB11E /* GameOverView.swift */ = {isa = PBXFileReference; lastKnownFileType = sourcecode.swift; path = GameOverView.swift; sourceTree = "<group>"; };
		CB18BEFE2A7A3E0400BCB11E /* GameView.swift */ = {isa = PBXFileReference; lastKnownFileType = sourcecode.swift; path = GameView.swift; sourceTree = "<group>"; };
		CB18BF002A7A401D00BCB11E /* DrawingView.swift */ = {isa = PBXFileReference; lastKnownFileType = sourcecode.swift; path = DrawingView.swift; sourceTree = "<group>"; };
		CBF12A7B2A7BF57500BF8DFC /* CobyDraw.entitlements */ = {isa = PBXFileReference; lastKnownFileType = text.plist.entitlements; path = CobyDraw.entitlements; sourceTree = "<group>"; };
		CBF12A7C2A7BF80B00BF8DFC /* MatchManager+GKMatchmakerViewControllerDelegate.swift */ = {isa = PBXFileReference; lastKnownFileType = sourcecode.swift; path = "MatchManager+GKMatchmakerViewControllerDelegate.swift"; sourceTree = "<group>"; };
		CBF12A7E2A7BFACF00BF8DFC /* MatchManager+GKMatchDelegate.swift */ = {isa = PBXFileReference; lastKnownFileType = sourcecode.swift; path = "MatchManager+GKMatchDelegate.swift"; sourceTree = "<group>"; };
/* End PBXFileReference section */

/* Begin PBXFrameworksBuildPhase section */
		CB18BEE22A7A202C00BCB11E /* Frameworks */ = {
			isa = PBXFrameworksBuildPhase;
			buildActionMask = 2147483647;
			files = (
			);
			runOnlyForDeploymentPostprocessing = 0;
		};
/* End PBXFrameworksBuildPhase section */

/* Begin PBXGroup section */
		CB18BEDC2A7A202C00BCB11E = {
			isa = PBXGroup;
			children = (
				CBF12A7E2A7BFACF00BF8DFC /* MatchManager+GKMatchDelegate.swift */,
				CBF12A7C2A7BF80B00BF8DFC /* MatchManager+GKMatchmakerViewControllerDelegate.swift */,
				CB18BEE72A7A202C00BCB11E /* CobyDraw */,
				CB18BEE62A7A202C00BCB11E /* Products */,
			);
			sourceTree = "<group>";
		};
		CB18BEE62A7A202C00BCB11E /* Products */ = {
			isa = PBXGroup;
			children = (
				CB18BEE52A7A202C00BCB11E /* CobyDraw.app */,
			);
			name = Products;
			sourceTree = "<group>";
		};
		CB18BEE72A7A202C00BCB11E /* CobyDraw */ = {
			isa = PBXGroup;
			children = (
				CBF12A7B2A7BF57500BF8DFC /* CobyDraw.entitlements */,
				CB18BEE82A7A202C00BCB11E /* CobyDrawApp.swift */,
				CB18BEEA2A7A202C00BCB11E /* ContentView.swift */,
				CB18BEEC2A7A202D00BCB11E /* Assets.xcassets */,
				CB18BEEE2A7A202D00BCB11E /* Preview Content */,
				CB18BEF62A7A32F300BCB11E /* MenuView.swift */,
				CB18BEF82A7A330D00BCB11E /* MatchManager.swift */,
				CB18BEFA2A7A331400BCB11E /* Misc.swift */,
				CB18BEFC2A7A370800BCB11E /* GameOverView.swift */,
				CB18BEFE2A7A3E0400BCB11E /* GameView.swift */,
				CB18BF002A7A401D00BCB11E /* DrawingView.swift */,
			);
			path = CobyDraw;
			sourceTree = "<group>";
		};
		CB18BEEE2A7A202D00BCB11E /* Preview Content */ = {
			isa = PBXGroup;
			children = (
				CB18BEEF2A7A202D00BCB11E /* Preview Assets.xcassets */,
			);
			path = "Preview Content";
			sourceTree = "<group>";
		};
/* End PBXGroup section */

/* Begin PBXNativeTarget section */
		CB18BEE42A7A202C00BCB11E /* CobyDraw */ = {
			isa = PBXNativeTarget;
			buildConfigurationList = CB18BEF32A7A202D00BCB11E /* Build configuration list for PBXNativeTarget "CobyDraw" */;
			buildPhases = (
				CB18BEE12A7A202C00BCB11E /* Sources */,
				CB18BEE22A7A202C00BCB11E /* Frameworks */,
				CB18BEE32A7A202C00BCB11E /* Resources */,
			);
			buildRules = (
			);
			dependencies = (
			);
			name = CobyDraw;
			productName = CobyDraw;
			productReference = CB18BEE52A7A202C00BCB11E /* CobyDraw.app */;
			productType = "com.apple.product-type.application";
		};
/* End PBXNativeTarget section */

/* Begin PBXProject section */
		CB18BEDD2A7A202C00BCB11E /* Project object */ = {
			isa = PBXProject;
			attributes = {
				BuildIndependentTargetsInParallel = 1;
				LastSwiftUpdateCheck = 1430;
				LastUpgradeCheck = 1430;
				TargetAttributes = {
					CB18BEE42A7A202C00BCB11E = {
						CreatedOnToolsVersion = 14.3.1;
					};
				};
			};
			buildConfigurationList = CB18BEE02A7A202C00BCB11E /* Build configuration list for PBXProject "CobyDraw" */;
			compatibilityVersion = "Xcode 14.0";
			developmentRegion = en;
			hasScannedForEncodings = 0;
			knownRegions = (
				en,
				Base,
			);
			mainGroup = CB18BEDC2A7A202C00BCB11E;
			productRefGroup = CB18BEE62A7A202C00BCB11E /* Products */;
			projectDirPath = "";
			projectRoot = "";
			targets = (
				CB18BEE42A7A202C00BCB11E /* CobyDraw */,
			);
		};
/* End PBXProject section */

/* Begin PBXResourcesBuildPhase section */
		CB18BEE32A7A202C00BCB11E /* Resources */ = {
			isa = PBXResourcesBuildPhase;
			buildActionMask = 2147483647;
			files = (
				CB18BEF02A7A202D00BCB11E /* Preview Assets.xcassets in Resources */,
				CB18BEED2A7A202D00BCB11E /* Assets.xcassets in Resources */,
			);
			runOnlyForDeploymentPostprocessing = 0;
		};
/* End PBXResourcesBuildPhase section */

/* Begin PBXSourcesBuildPhase section */
		CB18BEE12A7A202C00BCB11E /* Sources */ = {
			isa = PBXSourcesBuildPhase;
			buildActionMask = 2147483647;
			files = (
				CB18BEEB2A7A202C00BCB11E /* ContentView.swift in Sources */,
				CB18BEF92A7A330D00BCB11E /* MatchManager.swift in Sources */,
				CBF12A7F2A7BFACF00BF8DFC /* MatchManager+GKMatchDelegate.swift in Sources */,
				CBF12A7D2A7BF80B00BF8DFC /* MatchManager+GKMatchmakerViewControllerDelegate.swift in Sources */,
				CB18BEF72A7A32F300BCB11E /* MenuView.swift in Sources */,
				CB18BF012A7A401D00BCB11E /* DrawingView.swift in Sources */,
				CB18BEFB2A7A331400BCB11E /* Misc.swift in Sources */,
				CB18BEFD2A7A370800BCB11E /* GameOverView.swift in Sources */,
				CB18BEE92A7A202C00BCB11E /* CobyDrawApp.swift in Sources */,
				CB18BEFF2A7A3E0400BCB11E /* GameView.swift in Sources */,
			);
			runOnlyForDeploymentPostprocessing = 0;
		};
/* End PBXSourcesBuildPhase section */

/* Begin XCBuildConfiguration section */
		CB18BEF12A7A202D00BCB11E /* Debug */ = {
			isa = XCBuildConfiguration;
			buildSettings = {
				ALWAYS_SEARCH_USER_PATHS = NO;
				CLANG_ANALYZER_NONNULL = YES;
				CLANG_ANALYZER_NUMBER_OBJECT_CONVERSION = YES_AGGRESSIVE;
				CLANG_CXX_LANGUAGE_STANDARD = "gnu++20";
				CLANG_ENABLE_MODULES = YES;
				CLANG_ENABLE_OBJC_ARC = YES;
				CLANG_ENABLE_OBJC_WEAK = YES;
				CLANG_WARN_BLOCK_CAPTURE_AUTORELEASING = YES;
				CLANG_WARN_BOOL_CONVERSION = YES;
				CLANG_WARN_COMMA = YES;
				CLANG_WARN_CONSTANT_CONVERSION = YES;
				CLANG_WARN_DEPRECATED_OBJC_IMPLEMENTATIONS = YES;
				CLANG_WARN_DIRECT_OBJC_ISA_USAGE = YES_ERROR;
				CLANG_WARN_DOCUMENTATION_COMMENTS = YES;
				CLANG_WARN_EMPTY_BODY = YES;
				CLANG_WARN_ENUM_CONVERSION = YES;
				CLANG_WARN_INFINITE_RECURSION = YES;
				CLANG_WARN_INT_CONVERSION = YES;
				CLANG_WARN_NON_LITERAL_NULL_CONVERSION = YES;
				CLANG_WARN_OBJC_IMPLICIT_RETAIN_SELF = YES;
				CLANG_WARN_OBJC_LITERAL_CONVERSION = YES;
				CLANG_WARN_OBJC_ROOT_CLASS = YES_ERROR;
				CLANG_WARN_QUOTED_INCLUDE_IN_FRAMEWORK_HEADER = YES;
				CLANG_WARN_RANGE_LOOP_ANALYSIS = YES;
				CLANG_WARN_STRICT_PROTOTYPES = YES;
				CLANG_WARN_SUSPICIOUS_MOVE = YES;
				CLANG_WARN_UNGUARDED_AVAILABILITY = YES_AGGRESSIVE;
				CLANG_WARN_UNREACHABLE_CODE = YES;
				CLANG_WARN__DUPLICATE_METHOD_MATCH = YES;
				COPY_PHASE_STRIP = NO;
				DEBUG_INFORMATION_FORMAT = dwarf;
				ENABLE_STRICT_OBJC_MSGSEND = YES;
				ENABLE_TESTABILITY = YES;
				GCC_C_LANGUAGE_STANDARD = gnu11;
				GCC_DYNAMIC_NO_PIC = NO;
				GCC_NO_COMMON_BLOCKS = YES;
				GCC_OPTIMIZATION_LEVEL = 0;
				GCC_PREPROCESSOR_DEFINITIONS = (
					"DEBUG=1",
					"$(inherited)",
				);
				GCC_WARN_64_TO_32_BIT_CONVERSION = YES;
				GCC_WARN_ABOUT_RETURN_TYPE = YES_ERROR;
				GCC_WARN_UNDECLARED_SELECTOR = YES;
				GCC_WARN_UNINITIALIZED_AUTOS = YES_AGGRESSIVE;
				GCC_WARN_UNUSED_FUNCTION = YES;
				GCC_WARN_UNUSED_VARIABLE = YES;
				IPHONEOS_DEPLOYMENT_TARGET = 16.4;
				MTL_ENABLE_DEBUG_INFO = INCLUDE_SOURCE;
				MTL_FAST_MATH = YES;
				ONLY_ACTIVE_ARCH = YES;
				SDKROOT = iphoneos;
				SWIFT_ACTIVE_COMPILATION_CONDITIONS = DEBUG;
				SWIFT_OPTIMIZATION_LEVEL = "-Onone";
			};
			name = Debug;
		};
		CB18BEF22A7A202D00BCB11E /* Release */ = {
			isa = XCBuildConfiguration;
			buildSettings = {
				ALWAYS_SEARCH_USER_PATHS = NO;
				CLANG_ANALYZER_NONNULL = YES;
				CLANG_ANALYZER_NUMBER_OBJECT_CONVERSION = YES_AGGRESSIVE;
				CLANG_CXX_LANGUAGE_STANDARD = "gnu++20";
				CLANG_ENABLE_MODULES = YES;
				CLANG_ENABLE_OBJC_ARC = YES;
				CLANG_ENABLE_OBJC_WEAK = YES;
				CLANG_WARN_BLOCK_CAPTURE_AUTORELEASING = YES;
				CLANG_WARN_BOOL_CONVERSION = YES;
				CLANG_WARN_COMMA = YES;
				CLANG_WARN_CONSTANT_CONVERSION = YES;
				CLANG_WARN_DEPRECATED_OBJC_IMPLEMENTATIONS = YES;
				CLANG_WARN_DIRECT_OBJC_ISA_USAGE = YES_ERROR;
				CLANG_WARN_DOCUMENTATION_COMMENTS = YES;
				CLANG_WARN_EMPTY_BODY = YES;
				CLANG_WARN_ENUM_CONVERSION = YES;
				CLANG_WARN_INFINITE_RECURSION = YES;
				CLANG_WARN_INT_CONVERSION = YES;
				CLANG_WARN_NON_LITERAL_NULL_CONVERSION = YES;
				CLANG_WARN_OBJC_IMPLICIT_RETAIN_SELF = YES;
				CLANG_WARN_OBJC_LITERAL_CONVERSION = YES;
				CLANG_WARN_OBJC_ROOT_CLASS = YES_ERROR;
				CLANG_WARN_QUOTED_INCLUDE_IN_FRAMEWORK_HEADER = YES;
				CLANG_WARN_RANGE_LOOP_ANALYSIS = YES;
				CLANG_WARN_STRICT_PROTOTYPES = YES;
				CLANG_WARN_SUSPICIOUS_MOVE = YES;
				CLANG_WARN_UNGUARDED_AVAILABILITY = YES_AGGRESSIVE;
				CLANG_WARN_UNREACHABLE_CODE = YES;
				CLANG_WARN__DUPLICATE_METHOD_MATCH = YES;
				COPY_PHASE_STRIP = NO;
				DEBUG_INFORMATION_FORMAT = "dwarf-with-dsym";
				ENABLE_NS_ASSERTIONS = NO;
				ENABLE_STRICT_OBJC_MSGSEND = YES;
				GCC_C_LANGUAGE_STANDARD = gnu11;
				GCC_NO_COMMON_BLOCKS = YES;
				GCC_WARN_64_TO_32_BIT_CONVERSION = YES;
				GCC_WARN_ABOUT_RETURN_TYPE = YES_ERROR;
				GCC_WARN_UNDECLARED_SELECTOR = YES;
				GCC_WARN_UNINITIALIZED_AUTOS = YES_AGGRESSIVE;
				GCC_WARN_UNUSED_FUNCTION = YES;
				GCC_WARN_UNUSED_VARIABLE = YES;
				IPHONEOS_DEPLOYMENT_TARGET = 16.4;
				MTL_ENABLE_DEBUG_INFO = NO;
				MTL_FAST_MATH = YES;
				SDKROOT = iphoneos;
				SWIFT_COMPILATION_MODE = wholemodule;
				SWIFT_OPTIMIZATION_LEVEL = "-O";
				VALIDATE_PRODUCT = YES;
			};
			name = Release;
		};
		CB18BEF42A7A202D00BCB11E /* Debug */ = {
			isa = XCBuildConfiguration;
			buildSettings = {
				ASSETCATALOG_COMPILER_APPICON_NAME = AppIcon;
				ASSETCATALOG_COMPILER_GLOBAL_ACCENT_COLOR_NAME = AccentColor;
				CODE_SIGN_ENTITLEMENTS = CobyDraw/CobyDraw.entitlements;
				CODE_SIGN_STYLE = Automatic;
				CURRENT_PROJECT_VERSION = 1;
				DEVELOPMENT_ASSET_PATHS = "\"CobyDraw/Preview Content\"";
				DEVELOPMENT_TEAM = 3Y8YH8GWMM;
				ENABLE_PREVIEWS = YES;
				GENERATE_INFOPLIST_FILE = YES;
				INFOPLIST_KEY_UIApplicationSceneManifest_Generation = YES;
				INFOPLIST_KEY_UIApplicationSupportsIndirectInputEvents = YES;
				INFOPLIST_KEY_UILaunchScreen_Generation = YES;
				INFOPLIST_KEY_UISupportedInterfaceOrientations_iPad = "UIInterfaceOrientationPortrait UIInterfaceOrientationPortraitUpsideDown UIInterfaceOrientationLandscapeLeft UIInterfaceOrientationLandscapeRight";
				INFOPLIST_KEY_UISupportedInterfaceOrientations_iPhone = "UIInterfaceOrientationPortrait UIInterfaceOrientationLandscapeLeft UIInterfaceOrientationLandscapeRight";
				INFOPLIST_KEY_UIUserInterfaceStyle = Light;
				LD_RUNPATH_SEARCH_PATHS = (
					"$(inherited)",
					"@executable_path/Frameworks",
				);
				MARKETING_VERSION = 1.0;
				PRODUCT_BUNDLE_IDENTIFIER = com.coby.CobyDraw;
				PRODUCT_NAME = "$(TARGET_NAME)";
				SWIFT_EMIT_LOC_STRINGS = YES;
				SWIFT_VERSION = 5.0;
				TARGETED_DEVICE_FAMILY = "1,2";
			};
			name = Debug;
		};
		CB18BEF52A7A202D00BCB11E /* Release */ = {
			isa = XCBuildConfiguration;
			buildSettings = {
				ASSETCATALOG_COMPILER_APPICON_NAME = AppIcon;
				ASSETCATALOG_COMPILER_GLOBAL_ACCENT_COLOR_NAME = AccentColor;
				CODE_SIGN_ENTITLEMENTS = CobyDraw/CobyDraw.entitlements;
				CODE_SIGN_STYLE = Automatic;
				CURRENT_PROJECT_VERSION = 1;
				DEVELOPMENT_ASSET_PATHS = "\"CobyDraw/Preview Content\"";
				DEVELOPMENT_TEAM = 3Y8YH8GWMM;
				ENABLE_PREVIEWS = YES;
				GENERATE_INFOPLIST_FILE = YES;
				INFOPLIST_KEY_UIApplicationSceneManifest_Generation = YES;
				INFOPLIST_KEY_UIApplicationSupportsIndirectInputEvents = YES;
				INFOPLIST_KEY_UILaunchScreen_Generation = YES;
				INFOPLIST_KEY_UISupportedInterfaceOrientations_iPad = "UIInterfaceOrientationPortrait UIInterfaceOrientationPortraitUpsideDown UIInterfaceOrientationLandscapeLeft UIInterfaceOrientationLandscapeRight";
				INFOPLIST_KEY_UISupportedInterfaceOrientations_iPhone = "UIInterfaceOrientationPortrait UIInterfaceOrientationLandscapeLeft UIInterfaceOrientationLandscapeRight";
				INFOPLIST_KEY_UIUserInterfaceStyle = Light;
				LD_RUNPATH_SEARCH_PATHS = (
					"$(inherited)",
					"@executable_path/Frameworks",
				);
				MARKETING_VERSION = 1.0;
				PRODUCT_BUNDLE_IDENTIFIER = com.coby.CobyDraw;
				PRODUCT_NAME = "$(TARGET_NAME)";
				SWIFT_EMIT_LOC_STRINGS = YES;
				SWIFT_VERSION = 5.0;
				TARGETED_DEVICE_FAMILY = "1,2";
			};
			name = Release;
		};
/* End XCBuildConfiguration section */

/* Begin XCConfigurationList section */
		CB18BEE02A7A202C00BCB11E /* Build configuration list for PBXProject "CobyDraw" */ = {
			isa = XCConfigurationList;
			buildConfigurations = (
				CB18BEF12A7A202D00BCB11E /* Debug */,
				CB18BEF22A7A202D00BCB11E /* Release */,
			);
			defaultConfigurationIsVisible = 0;
			defaultConfigurationName = Release;
		};
		CB18BEF32A7A202D00BCB11E /* Build configuration list for PBXNativeTarget "CobyDraw" */ = {
			isa = XCConfigurationList;
			buildConfigurations = (
				CB18BEF42A7A202D00BCB11E /* Debug */,
				CB18BEF52A7A202D00BCB11E /* Release */,
			);
			defaultConfigurationIsVisible = 0;
			defaultConfigurationName = Release;
		};
/* End XCConfigurationList section */
	};
	rootObject = CB18BEDD2A7A202C00BCB11E /* Project object */;
}
